
Microsoft Visual Studio Solution File, Format Version 12.00
# Visual Studio Version 17
VisualStudioVersion = 17.0.31903.59
MinimumVisualStudioVersion = 10.0.40219.1
Project("{2150E333-8FDC-42A3-9474-1A3956D46DE8}") = "src", "src", "{827E0CD3-B72D-47B6-A68D-7590B98EB39B}"
EndProject
Project("{FAE04EC0-301F-11D3-BF4B-00C04F79EFBC}") = "Tianai.Captcha.Core", "src\Tianai.Captcha.Core\Tianai.Captcha.Core.csproj", "{98E3A622-3303-442B-B47E-ACC27F6AF387}"
EndProject
Project("{FAE04EC0-301F-11D3-BF4B-00C04F79EFBC}") = "Tianai.Captcha.AspNetCore", "src\Tianai.Captcha.AspNetCore\Tianai.Captcha.AspNetCore.csproj", "{475B64C2-DF69-4698-82CC-582BCC425013}"
EndProject
Project("{2150E333-8FDC-42A3-9474-1A3956D46DE8}") = "tests", "tests", "{0AB3BF05-4346-4AA6-1389-037BE0695223}"
EndProject
Project("{FAE04EC0-301F-11D3-BF4B-00C04F79EFBC}") = "Tianai.Captcha.Core.Tests", "tests\Tianai.Captcha.Core.Tests\Tianai.Captcha.Core.Tests.csproj", "{804EEB31-8D81-4E44-A463-F74639AC6BEC}"
EndProject
Project("{2150E333-8FDC-42A3-9474-1A3956D46DE8}") = "samples", "samples", "{5D20AA90-6969-D8BD-9DCD-8634F4692FDA}"
EndProject
Project("{FAE04EC0-301F-11D3-BF4B-00C04F79EFBC}") = "Tianai.Captcha.Sample.WebApi", "samples\Tianai.Captcha.Sample.WebApi\Tianai.Captcha.Sample.WebApi.csproj", "{2A324C30-772C-425F-9758-C153D31741DA}"
EndProject
Global
	GlobalSection(SolutionConfigurationPlatforms) = preSolution
		Debug|Any CPU = Debug|Any CPU
		Debug|x64 = Debug|x64
		Debug|x86 = Debug|x86
		Release|Any CPU = Release|Any CPU
		Release|x64 = Release|x64
		Release|x86 = Release|x86
	EndGlobalSection
	GlobalSection(ProjectConfigurationPlatforms) = postSolution
		{98E3A622-3303-442B-B47E-ACC27F6AF387}.Debug|Any CPU.ActiveCfg = Debug|Any CPU
		{98E3A622-3303-442B-B47E-ACC27F6AF387}.Debug|Any CPU.Build.0 = Debug|Any CPU
		{98E3A622-3303-442B-B47E-ACC27F6AF387}.Debug|x64.ActiveCfg = Debug|Any CPU
		{98E3A622-3303-442B-B47E-ACC27F6AF387}.Debug|x64.Build.0 = Debug|Any CPU
		{98E3A622-3303-442B-B47E-ACC27F6AF387}.Debug|x86.ActiveCfg = Debug|Any CPU
		{98E3A622-3303-442B-B47E-ACC27F6AF387}.Debug|x86.Build.0 = Debug|Any CPU
		{98E3A622-3303-442B-B47E-ACC27F6AF387}.Release|Any CPU.ActiveCfg = Release|Any CPU
		{98E3A622-3303-442B-B47E-ACC27F6AF387}.Release|Any CPU.Build.0 = Release|Any CPU
		{98E3A622-3303-442B-B47E-ACC27F6AF387}.Release|x64.ActiveCfg = Release|Any CPU
		{98E3A622-3303-442B-B47E-ACC27F6AF387}.Release|x64.Build.0 = Release|Any CPU
		{98E3A622-3303-442B-B47E-ACC27F6AF387}.Release|x86.ActiveCfg = Release|Any CPU
		{98E3A622-3303-442B-B47E-ACC27F6AF387}.Release|x86.Build.0 = Release|Any CPU
		{475B64C2-DF69-4698-82CC-582BCC425013}.Debug|Any CPU.ActiveCfg = Debug|Any CPU
		{475B64C2-DF69-4698-82CC-582BCC425013}.Debug|Any CPU.Build.0 = Debug|Any CPU
		{475B64C2-DF69-4698-82CC-582BCC425013}.Debug|x64.ActiveCfg = Debug|Any CPU
		{475B64C2-DF69-4698-82CC-582BCC425013}.Debug|x64.Build.0 = Debug|Any CPU
		{475B64C2-DF69-4698-82CC-582BCC425013}.Debug|x86.ActiveCfg = Debug|Any CPU
		{475B64C2-DF69-4698-82CC-582BCC425013}.Debug|x86.Build.0 = Debug|Any CPU
		{475B64C2-DF69-4698-82CC-582BCC425013}.Release|Any CPU.ActiveCfg = Release|Any CPU
		{475B64C2-DF69-4698-82CC-582BCC425013}.Release|Any CPU.Build.0 = Release|Any CPU
		{475B64C2-DF69-4698-82CC-582BCC425013}.Release|x64.ActiveCfg = Release|Any CPU
		{475B64C2-DF69-4698-82CC-582BCC425013}.Release|x64.Build.0 = Release|Any CPU
		{475B64C2-DF69-4698-82CC-582BCC425013}.Release|x86.ActiveCfg = Release|Any CPU
		{475B64C2-DF69-4698-82CC-582BCC425013}.Release|x86.Build.0 = Release|Any CPU
		{804EEB31-8D81-4E44-A463-F74639AC6BEC}.Debug|Any CPU.ActiveCfg = Debug|Any CPU
		{804EEB31-8D81-4E44-A463-F74639AC6BEC}.Debug|Any CPU.Build.0 = Debug|Any CPU
		{804EEB31-8D81-4E44-A463-F74639AC6BEC}.Debug|x64.ActiveCfg = Debug|Any CPU
		{804EEB31-8D81-4E44-A463-F74639AC6BEC}.Debug|x64.Build.0 = Debug|Any CPU
		{804EEB31-8D81-4E44-A463-F74639AC6BEC}.Debug|x86.ActiveCfg = Debug|Any CPU
		{804EEB31-8D81-4E44-A463-F74639AC6BEC}.Debug|x86.Build.0 = Debug|Any CPU
		{804EEB31-8D81-4E44-A463-F74639AC6BEC}.Release|Any CPU.ActiveCfg = Release|Any CPU
		{804EEB31-8D81-4E44-A463-F74639AC6BEC}.Release|Any CPU.Build.0 = Release|Any CPU
		{804EEB31-8D81-4E44-A463-F74639AC6BEC}.Release|x64.ActiveCfg = Release|Any CPU
		{804EEB31-8D81-4E44-A463-F74639AC6BEC}.Release|x64.Build.0 = Release|Any CPU
		{804EEB31-8D81-4E44-A463-F74639AC6BEC}.Release|x86.ActiveCfg = Release|Any CPU
		{804EEB31-8D81-4E44-A463-F74639AC6BEC}.Release|x86.Build.0 = Release|Any CPU
		{2A324C30-772C-425F-9758-C153D31741DA}.Debug|Any CPU.ActiveCfg = Debug|Any CPU
		{2A324C30-772C-425F-9758-C153D31741DA}.Debug|Any CPU.Build.0 = Debug|Any CPU
		{2A324C30-772C-425F-9758-C153D31741DA}.Debug|x64.ActiveCfg = Debug|Any CPU
		{2A324C30-772C-425F-9758-C153D31741DA}.Debug|x64.Build.0 = Debug|Any CPU
		{2A324C30-772C-425F-9758-C153D31741DA}.Debug|x86.ActiveCfg = Debug|Any CPU
		{2A324C30-772C-425F-9758-C153D31741DA}.Debug|x86.Build.0 = Debug|Any CPU
		{2A324C30-772C-425F-9758-C153D31741DA}.Release|Any CPU.ActiveCfg = Release|Any CPU
		{2A324C30-772C-425F-9758-C153D31741DA}.Release|Any CPU.Build.0 = Release|Any CPU
		{2A324C30-772C-425F-9758-C153D31741DA}.Release|x64.ActiveCfg = Release|Any CPU
		{2A324C30-772C-425F-9758-C153D31741DA}.Release|x64.Build.0 = Release|Any CPU
		{2A324C30-772C-425F-9758-C153D31741DA}.Release|x86.ActiveCfg = Release|Any CPU
		{2A324C30-772C-425F-9758-C153D31741DA}.Release|x86.Build.0 = Release|Any CPU
	EndGlobalSection
	GlobalSection(SolutionProperties) = preSolution
		HideSolutionNode = FALSE
	EndGlobalSection
	GlobalSection(NestedProjects) = preSolution
		{98E3A622-3303-442B-B47E-ACC27F6AF387} = {827E0CD3-B72D-47B6-A68D-7590B98EB39B}
		{475B64C2-DF69-4698-82CC-582BCC425013} = {827E0CD3-B72D-47B6-A68D-7590B98EB39B}
		{804EEB31-8D81-4E44-A463-F74639AC6BEC} = {0AB3BF05-4346-4AA6-1389-037BE0695223}
		{2A324C30-772C-425F-9758-C153D31741DA} = {5D20AA90-6969-D8BD-9DCD-8634F4692FDA}
	EndGlobalSection
EndGlobal
